# Generated by conda-lock.
# platform: linux-64
# input_hash: fc807ddca078f94a4367faaff3c5723f0d1fd45fa2ca4183ad6195beee190b2c
@EXPLICIT
https://conda.anaconda.org/conda-forge/noarch/font-ttf-dejavu-sans-mono-2.37-hab24e00_0.tar.bz2#0c96522c6bdaed4b1566d11387caaf45
https://conda.anaconda.org/conda-forge/noarch/font-ttf-inconsolata-3.000-h77eed37_0.tar.bz2#34893075a5c9e55cdafac56607368fc6
https://conda.anaconda.org/conda-forge/noarch/font-ttf-source-code-pro-2.038-h77eed37_0.tar.bz2#4d59c254e01d9cde7957100457e2d5fb
https://conda.anaconda.org/conda-forge/noarch/font-ttf-ubuntu-0.83-h77eed37_3.conda#49023d73832ef61042f6a237cb2687e7
https://conda.anaconda.org/conda-forge/linux-64/hicolor-icon-theme-0.17-ha770c72_3.conda#129e404c5b001f3ef5581316971e3ea0
https://conda.anaconda.org/conda-forge/noarch/kernel-headers_linux-64-3.10.0-he073ed8_18.conda#ad8527bf134a90e1c9ed35fa0b64318c
https://conda.anaconda.org/conda-forge/linux-64/nlohmann_json-3.12.0-h54a6638_2.conda#fe93be7dd9209e6ae673962e3031ff51
https://conda.anaconda.org/conda-forge/noarch/python_abi-3.12-9_cp312.conda#4c32076993e6270825441d059ab5c18b
https://conda.anaconda.org/conda-forge/noarch/tzdata-2026c-h151e31d_0.conda#fcb489df604d100968b737f2cb6076c6
https://conda.anaconda.org/conda-forge/noarch/_x86_64-microarch-level-1-3_x86_64.conda#225cb2e9b9512730a92f83696b8fbab8
https://conda.anaconda.org/conda-forge/noarch/ca-certificates-2026.7.22-hbd8a1cb_0.conda#0f51e2391ade309db462a55611263e9c
https://conda.anaconda.org/conda-forge/noarch/fonts-conda-forge-1-hc364b38_1.conda#a7970cd949a077b7cb9696379d338681
https://conda.anaconda.org/conda-forge/noarch/libgcc-devel_linux-64-14.4.0-hd9a9cd0_104.conda#6c875129a1f367676f6cc0ccc1f2ef28
https://conda.anaconda.org/conda-forge/linux-64/libglvnd-1.7.0-ha4b6fd6_5.conda#cfcf11edcfd4acf0094771a9c3b8587f
https://conda.anaconda.org/conda-forge/linux-64/libgomp-16.2.0-he0feb66_4.conda#89d2c1231f47bd818f5d624b9411459d
https://conda.anaconda.org/conda-forge/noarch/libstdcxx-devel_linux-64-14.4.0-ha5b54cb_104.conda#8ebf32c8b07ce239a7994565b0301b23
https://conda.anaconda.org/conda-forge/linux-64/libzlib-1.3.2-h25fd6f3_3.conda#0de0122d9570a8ab637c6b73db268389
https://conda.anaconda.org/conda-forge/linux-64/llvm-openmp-23.1.0-h7148c6a_0.conda#58b4529023435973ab911c3c51892671
https://conda.anaconda.org/conda-forge/noarch/sysroot_linux-64-2.17-h0157908_18.conda#460eba7851277ec1fd80a1a24080787a
https://conda.anaconda.org/conda-forge/linux-64/_openmp_mutex-4.5-8_kmp_llvm.conda#b4d1b93dd1dab4eea23395fd5e5b357d
https://conda.anaconda.org/conda-forge/noarch/fonts-conda-ecosystem-1-0.tar.bz2#fee5683a3f04bd15cbd8318b096a27ab
https://conda.anaconda.org/conda-forge/linux-64/libegl-1.7.0-ha4b6fd6_5.conda#3a1b41c4591a0a1734382af3e2b8bc08
https://conda.anaconda.org/conda-forge/linux-64/libopengl-1.7.0-ha4b6fd6_5.conda#d207a2e9bae9da476bc0a603215d5167
https://conda.anaconda.org/conda-forge/linux-64/zlib-1.3.2-h25fd6f3_3.conda#6acb86426229f96f93e5468d1df3a5e8
https://conda.anaconda.org/conda-forge/linux-64/zstd-1.5.7-hb78ec9c_7.conda#aa459086047c0e5e27023ab19f8cb86a
https://conda.anaconda.org/conda-forge/linux-64/ld_impl_linux-64-2.46.1-default_hbd61a6d_102.conda#449500f2c089da11c40f5c21312e3e07
https://conda.anaconda.org/conda-forge/linux-64/libgcc-16.2.0-ha9f2e26_4.conda#cba14d01083fc62ffd32c24d7d390633
https://conda.anaconda.org/conda-forge/linux-64/binutils_impl_linux-64-2.46.1-default_hfdba357_102.conda#a0c5e0b7f58c8ceeb08e5bc41251d5a2
https://conda.anaconda.org/conda-forge/linux-64/bzip2-1.0.8-hda65f42_10.conda#e675fabcf81499adc7edf58124fb1e01
https://conda.anaconda.org/conda-forge/linux-64/c-ares-1.34.8-hebe6cf0_2.conda#3ad2b403be8fc5612b9159e2ce621f69
https://conda.anaconda.org/conda-forge/linux-64/fribidi-1.0.16-h7cc23a3_2.conda#16d6e5a0f8dbc17bd6669dba6f49bad3
https://conda.anaconda.org/conda-forge/linux-64/giflib-5.2.2-ha257d8a_1.conda#bd7c3a8586ed0101f094962100d30a63
https://conda.anaconda.org/conda-forge/linux-64/keyutils-1.6.3-h7cc23a3_1.conda#ba55d1b89fd7775e67de8291029b4059
https://conda.anaconda.org/conda-forge/linux-64/libdeflate-1.25-hd45a770_1.conda#40f9b31aa9cf007789867df0decd0492
https://conda.anaconda.org/conda-forge/linux-64/libev-4.33-h280c20c_3.conda#7bc31538d6e3fb349e897353969237ec
https://conda.anaconda.org/conda-forge/linux-64/libexpat-2.8.1-hecca717_1.conda#b24d3c612f71e7aa74158d92106318b2
https://conda.anaconda.org/conda-forge/linux-64/libffi-3.7.0-h81df57d_1.conda#6525a0b06aa4fd390795f0740636a9dd
https://conda.anaconda.org/conda-forge/linux-64/libgcc-ng-16.2.0-h69a702a_4.conda#b3e52878163a841f6fb951989cc0b217
https://conda.anaconda.org/conda-forge/linux-64/libgfortran5-16.2.0-h6b99dfc_4.conda#c22348a769bb072b6184eb6f7f05e4f2
https://conda.anaconda.org/conda-forge/linux-64/libiconv-1.18-h0cb94f2_3.conda#f92233bf33e24a25668bb2119e2c51f9
https://conda.anaconda.org/conda-forge/linux-64/libjpeg-turbo-3.2.0-hb03c661_1.conda#898d1c9793eaa52efc4727bd84d2e39a
https://conda.anaconda.org/conda-forge/linux-64/liblzma-5.8.3-hb03c661_1.conda#1390b7c5ac0b1d8e447bc5efa6d3c8c2
https://conda.anaconda.org/conda-forge/linux-64/libnsl-2.0.1-hb9d3cd8_1.conda#d864d34357c3b65a4b731f78c0801dc4
https://conda.anaconda.org/conda-forge/linux-64/libpciaccess-0.19-hb03c661_1.conda#35fa2b34bbced424e6976d30f5fde576
https://conda.anaconda.org/conda-forge/linux-64/libpng-1.6.58-h922cc85_1.conda#fcf71c8d979148873f6f8ad4cfc73d86
https://conda.anaconda.org/conda-forge/linux-64/libsqlite-3.53.4-h0737f62_1.conda#17b328272d5caa0994678529be5b86ab
https://conda.anaconda.org/conda-forge/linux-64/libstdcxx-16.2.0-h934c35e_4.conda#2f2ef0d96de5bdd8c1270ff22fdf9352
https://conda.anaconda.org/conda-forge/linux-64/libuuid-2.42.3-hcfc3c73_0.conda#74a0a409d9f4561265d36b789d3f398a
https://conda.anaconda.org/conda-forge/linux-64/libuv-1.52.1-h280c20c_1.conda#01c4ed87826af55996768af6dbc936b4
https://conda.anaconda.org/conda-forge/linux-64/libwebp-base-1.6.0-hd42ef1d_1.conda#9332b53d0ea93c5d39e33be03a0c611a
https://conda.anaconda.org/conda-forge/linux-64/libxcrypt-4.4.38-h280c20c_0.conda#f7a7ff5a6ab331e037abd34f379a631d
https://conda.anaconda.org/conda-forge/linux-64/make-4.4.1-hb03c661_3.conda#b4a198dc40024de2a59c1343e4ae4144
https://conda.anaconda.org/conda-forge/linux-64/ncurses-6.6-hdb14827_1.conda#ee6c0cd80a60961a1f48aa3e0b91f986
https://conda.anaconda.org/conda-forge/linux-64/openssl-3.6.4-h781a0a9_0.conda#16e3034a330cc625f2c685edec60cf4e
https://conda.anaconda.org/conda-forge/linux-64/pthread-stubs-0.4-h7cc23a3_1004.conda#bb66b610707b811e3c65181a6431e7a8
https://conda.anaconda.org/conda-forge/linux-64/rhash-1.4.6-hb03c661_2.conda#007602d697e07c11ff9864964eba5ee3
https://conda.anaconda.org/conda-forge/linux-64/tk-8.6.13-noxft_h1df4ec4_4.conda#676a2f9b1c4fcf57b70aa5c65f6c60d0
https://conda.anaconda.org/conda-forge/linux-64/xorg-libice-1.1.2-hb9d3cd8_0.conda#fb901ff28063514abb6046c9ec2c4a45
https://conda.anaconda.org/conda-forge/linux-64/xorg-libxau-1.0.12-hb03c661_2.conda#f06ef439c280a5f90b8bf62355008dbc
https://conda.anaconda.org/conda-forge/linux-64/xorg-libxdmcp-1.1.5-hb03c661_2.conda#2e66c929f3d879708335b6ea4557c838
https://conda.anaconda.org/conda-forge/linux-64/xorg-xorgproto-2025.1-h280c20c_1.conda#3b51576511038b50fdbd05245e22e4b1
https://conda.anaconda.org/conda-forge/linux-64/xxhash-0.8.3-hec8ed23_1.conda#72ab4ea51529ec63ff010ae9fb62b02f
https://conda.anaconda.org/conda-forge/linux-64/yaml-0.2.5-hebe6cf0_3.conda#e741576fb8f89821ac7c1c537322a33d
https://conda.anaconda.org/conda-forge/linux-64/binutils-2.46.1-default_h4852527_102.conda#e8452fe381cac5fff20563a07722dfa5
https://conda.anaconda.org/conda-forge/linux-64/binutils_linux-64-2.46.1-default_h4852527_102.conda#32fd07abe84eb14f17c7f5cc6fa8df82
https://conda.anaconda.org/conda-forge/linux-64/gettext-tools-0.25.1-h3f43e3d_1.conda#a59c05d22bdcbb4e984bf0c021a2a02f
https://conda.anaconda.org/conda-forge/linux-64/graphite2-1.3.15-hecca717_1.conda#e86875ca0bba5c9fccf3ea6ae5088a4f
https://conda.anaconda.org/conda-forge/linux-64/gtest-1.16.0-h84d6215_0.conda#964fa3cb8fd0f35754535c78d966159e
https://conda.anaconda.org/conda-forge/linux-64/lerc-4.2.0-hdb68285_0.conda#fb9d356b1a57d6d54768be7ebd5fce09
https://conda.anaconda.org/conda-forge/linux-64/libasprintf-0.25.1-h3f43e3d_1.conda#3b0d184bc9404516d418d4509e418bdc
https://conda.anaconda.org/conda-forge/linux-64/libdrm-2.4.129-h7cc23a3_0.conda#64cc91512b6278c315349dc13c53f680
https://conda.anaconda.org/conda-forge/linux-64/libedit-3.1.20250104-pl5321h373387f_1.conda#50708d3b951d0f8e2d7f2df5b5edc040
https://conda.anaconda.org/conda-forge/linux-64/libfreetype6-2.14.3-h5e6c136_2.conda#b72a266a9317036fd0464cb98b027cd0
https://conda.anaconda.org/conda-forge/linux-64/libgettextpo-0.25.1-h3f43e3d_1.conda#2f4de899028319b27eb7a4023be5dfd2
https://conda.anaconda.org/conda-forge/linux-64/libgfortran-16.2.0-h69a702a_4.conda#5e92b8413fd1c8f8f3006f4661b12def
https://conda.anaconda.org/conda-forge/linux-64/libglu-9.0.3-h5888daf_1.conda#8422fcc9e5e172c91e99aef703b3ce65
https://conda.anaconda.org/conda-forge/linux-64/libnghttp2-1.68.1-h74cf4be_1.conda#75d211f04ac87506f1f43420712a69fe
https://conda.anaconda.org/conda-forge/linux-64/libpython-3.12.14-h0c77377_3_cpython.conda#d247b7632f09324c11f24b5270361385
https://conda.anaconda.org/conda-forge/linux-64/libsanitizer-14.4.0-hf39dbba_4.conda#d3b6210d92e8a8aecf85e55d19abc4f3
https://conda.anaconda.org/conda-forge/linux-64/libssh2-1.11.1-h6154650_1.conda#5c526561e1d2a2e071941174eae84557
https://conda.anaconda.org/conda-forge/linux-64/libstdcxx-ng-16.2.0-hdf11a46_4.conda#de0dceacf3e33c5fc88e167885dc8274
https://conda.anaconda.org/conda-forge/linux-64/libxcb-1.17.0-hb83e432_2.conda#61f0ffba9161cbb3a77722869b21e4bb
https://conda.anaconda.org/conda-forge/linux-64/lz4-c-1.10.0-hee9eb32_2.conda#e38a3253d72ab07d471483f24947e2a2
https://conda.anaconda.org/conda-forge/linux-64/pcre2-10.47-h8b3dc9c_1.conda#06f6113cf1ff4a54b65f87ead132a5f1
https://conda.anaconda.org/conda-forge/linux-64/pixman-0.46.4-h54a6638_3.conda#0ee5bb30034b081a1386c1e2c98ab0a7
https://conda.anaconda.org/conda-forge/linux-64/readline-8.3-hd6e31c0_1.conda#69c01c781e7c8190bbdaf79e3848c5ca
https://conda.anaconda.org/conda-forge/linux-64/siscone-3.1.2-h9e02651_3.conda#ba1578f6dff9fe5bd2c98bb54aa8ad0d
https://conda.anaconda.org/conda-forge/linux-64/vector-classes-1.4.5-hb700be7_1.conda#304935a071bbed1e19080208e249935a
https://conda.anaconda.org/conda-forge/linux-64/wayland-1.26.0-hc1c935e_2.conda#88a47e22b53e50865b1cabe2eb648352
https://conda.anaconda.org/conda-forge/linux-64/xorg-libsm-1.2.6-h0d788c3_1.conda#aa7459ed9ad086ba11dda843d764b33d
https://conda.anaconda.org/conda-forge/linux-64/fastjet-cxx-3.5.1-hd8a408b_3.conda#600017e89d076be9c0884fda6a70f95d
https://conda.anaconda.org/conda-forge/linux-64/fftw-3.3.11-nompi_h3b011a4_100.conda#0717f4eb3d18259358a1fa77edb18917
https://conda.anaconda.org/conda-forge/linux-64/gcc_impl_linux-64-14.4.0-heaf7ae8_4.conda#4f27260a21a28c1814fda15b3dc00672
https://conda.anaconda.org/conda-forge/linux-64/gsoap-2.8.123-h8dc497d_0.tar.bz2#e539f696d01d28dc42313a2ce66c0627
https://conda.anaconda.org/conda-forge/linux-64/icu-75.1-he02047a_0.conda#8b189310083baabfb622af68fd9d3ae3
https://conda.anaconda.org/conda-forge/linux-64/krb5-1.21.3-h659f571_0.conda#3f43953b7d3fb3aaa1d0d0723d91e368
https://conda.anaconda.org/conda-forge/linux-64/libasprintf-devel-0.25.1-h3f43e3d_1.conda#fd9cf4a11d07f0ef3e44fc061611b1ed
https://conda.anaconda.org/conda-forge/linux-64/libfreetype-2.14.3-ha770c72_2.conda#f8054e759d0ddddaf34a5c8fedc900a1
https://conda.anaconda.org/conda-forge/linux-64/libgettextpo-devel-0.25.1-h3f43e3d_1.conda#3f7a43b3160ec0345c9535a9f0d7908e
https://conda.anaconda.org/conda-forge/linux-64/libglib-2.88.3-he503a2a_2.conda#533d342dedadf134c67760ce6fc5b748
https://conda.anaconda.org/conda-forge/linux-64/libopenblas-0.3.34-pthreads_hcf972fe_1.conda#25994250f54292352a82eb05ab4499ba
https://conda.anaconda.org/conda-forge/linux-64/libtiff-4.7.2-hcc2c06a_1.conda#0907d876f460ebc941ae590338b6102f
https://conda.anaconda.org/conda-forge/linux-64/pcre-8.45-h9c3ff4c_0.tar.bz2#c05d1820a6d34ff07aaaab7a9b7eddaa
https://conda.anaconda.org/conda-forge/linux-64/python-3.12.14-h5f976f7_3_cpython.conda#98be3cf76eca2e8871f907a03aed3b84
https://conda.anaconda.org/conda-forge/linux-64/vdt-0.4.4-h59595ed_0.conda#0f15f58fd12adc101356fcf97cc4c0ca
https://conda.anaconda.org/conda-forge/linux-64/xorg-libx11-1.8.13-he1eb515_1.conda#8c282bbe4808a3cc80a5c98e9aec1cfc
https://conda.anaconda.org/conda-forge/linux-64/atk-1.0-2.38.0-h04ea711_2.conda#f730d54ba9cd543666d7220c9f7ed563
https://conda.anaconda.org/conda-forge/noarch/cfgv-3.5.0-pyhd8ed1ab_0.conda#381bd45fb7aa032691f3063aff47e3a1
https://conda.anaconda.org/conda-forge/noarch/colorama-0.4.6-pyhd8ed1ab_1.conda#962b9857ee8e7018c22f2776ffa0b2d7
https://conda.anaconda.org/conda-forge/linux-64/conda-gcc-specs-14.4.0-h611768e_4.conda#856d208bf951e600ab3fdc732a775b09
https://conda.anaconda.org/conda-forge/linux-64/dbus-1.16.2-he8c428d_2.conda#a6eb37b51be1a9a654dc3a8aca039b1a
https://conda.anaconda.org/conda-forge/noarch/distlib-0.4.3-pyhcf101f3_0.conda#58638f77697c4f6726753eb8be34818b
https://conda.anaconda.org/conda-forge/noarch/filelock-3.32.5-pyhd8ed1ab_0.conda#9b091d04be6b722d4ed7dfee34295dea
https://conda.anaconda.org/conda-forge/linux-64/fontconfig-2.18.3-h4db4eae_1.conda#922776b528a470ab5afa81fd42abfa1d
https://conda.anaconda.org/conda-forge/linux-64/freetype-2.14.3-ha770c72_2.conda#2d0ea23b23603e07ca47f23f949f67b6
https://conda.anaconda.org/conda-forge/linux-64/gcc_linux-64-14.4.0-hc469d41_1.conda#e166437b6cf4f824d732da823dc70f15
https://conda.anaconda.org/conda-forge/linux-64/gdk-pixbuf-2.44.8-h68053f1_1.conda#11adf7fc09b1146a6d91deb65d374456
https://conda.anaconda.org/conda-forge/linux-64/gettext-0.25.1-h3f43e3d_1.conda#c42356557d7f2e37676e121515417e3b
https://conda.anaconda.org/conda-forge/linux-64/glib-tools-2.88.3-h67ed8a3_2.conda#5c35ace78b7d630e77efcb37dacb62ae
https://conda.anaconda.org/conda-forge/linux-64/gts-0.7.6-h977cf35_4.conda#4d8df0b0db060d33c9a702ada998a8fe
https://conda.anaconda.org/conda-forge/linux-64/gxx_impl_linux-64-14.4.0-hc436dd5_4.conda#4bde5767dff86ac7227da41331cb5c66
https://conda.anaconda.org/conda-forge/noarch/iniconfig-2.3.0-pyhd8ed1ab_0.conda#9614359868482abba1bd15ce465e3c42
https://conda.anaconda.org/conda-forge/linux-64/libblas-3.11.0-10_h4a7cf45_openblas.conda#e2ca3eadd889d39b4e4b6b1ecc671816
https://conda.anaconda.org/conda-forge/linux-64/libcups-2.3.3-hb8b1518_5.conda#d4a250da4737ee127fb1fa6452a9002e
https://conda.anaconda.org/conda-forge/linux-64/libcurl-8.18.0-h4e3cde8_0.conda#0a5563efed19ca4461cf927419b6eb73
https://conda.anaconda.org/conda-forge/linux-64/libglx-1.7.0-ha4b6fd6_5.conda#614e10aae180f87b84f0d1ca8ceb7d9e
https://conda.anaconda.org/conda-forge/linux-64/libxml2-2.13.9-h04c0eec_0.conda#35eeb0a2add53b1e50218ed230fa6a02
https://conda.anaconda.org/conda-forge/noarch/mdurl-0.1.2-pyhd8ed1ab_1.conda#592132998493b3ff25fd7479396e8351
https://conda.anaconda.org/conda-forge/noarch/packaging-26.3-pyhc364b38_0.conda#936687ed80f295a1f5dbcf8bd34c252c
https://conda.anaconda.org/conda-forge/noarch/platformdirs-4.11.6-pyh5ded981_0.conda#fb0f75910f804de1d8c6e91f73673d11
https://conda.anaconda.org/conda-forge/noarch/pluggy-1.6.0-pyhf9edf01_1.conda#d7585b6550ad04c8c5e21097ada2888e
https://conda.anaconda.org/conda-forge/noarch/pycparser-3.0-pyhcf101f3_0.conda#9c5491066224083c41b6d5635ed7107b
https://conda.anaconda.org/conda-forge/noarch/pygments-2.21.0-pyhcf101f3_0.conda#2882dee445dfa45b0c5afce3ffb7730a
https://conda.anaconda.org/conda-forge/linux-64/pythia8-8.312-py312hd50de4e_105.conda#084a03b576a4c4f9f6cbf430210308cd
https://conda.anaconda.org/conda-forge/linux-64/pyyaml-6.0.3-py312h8a5da7c_1.conda#15878599a87992e44c059731771591cb
https://conda.anaconda.org/conda-forge/linux-64/ruff-0.16.3-hc991c3d_0.conda#6dbd251a93fae4650975dbe481644161
https://conda.anaconda.org/conda-forge/noarch/setuptools-84.0.0-pyh332efcf_0.conda#62ac906f1cd582c6c264c95625cb9d6f
https://conda.anaconda.org/conda-forge/noarch/tomli-2.4.1-pyhcf101f3_0.conda#b5325cf06a000c5b14970462ff5e4d58
https://conda.anaconda.org/conda-forge/noarch/typing_extensions-4.16.0-pyhcf101f3_0.conda#c70ad746c22219b9700931707482992c
https://conda.anaconda.org/conda-forge/linux-64/xkeyboard-config-2.48-h280c20c_0.conda#b233b41be0bf210989d57160ed39b394
https://conda.anaconda.org/conda-forge/linux-64/xorg-libxext-1.3.7-h7cc23a3_1.conda#e5b6b28536b81b3f4cb20db4668a4642
https://conda.anaconda.org/conda-forge/linux-64/xorg-libxfixes-6.0.2-h7cc23a3_1.conda#09132e874fe0e1f5e4492b0b6b904b6e
https://conda.anaconda.org/conda-forge/linux-64/xorg-libxrender-0.9.12-hb03c661_1.conda#e470d224a7a5be1b1d021bded7abb536
https://conda.anaconda.org/conda-forge/linux-64/xorg-libxt-1.3.1-h7cc23a3_1.conda#2121765de9c261e2a95ab9fc6efabefb
https://conda.anaconda.org/conda-forge/linux-64/cairo-1.18.4-h3394656_0.conda#09262e66b19567aff4f592fb53b28760
https://conda.anaconda.org/conda-forge/linux-64/cffi-2.1.1-py312h703531f_2.conda#3101547f7c22db267bd40988f67d7ab1
https://conda.anaconda.org/conda-forge/linux-64/cfitsio-4.6.2-ha0b56bc_1.conda#f91b4da04d6e52178e420f8dc871bbfc
https://conda.anaconda.org/conda-forge/linux-64/cmake-3.31.8-hc85cc9f_0.conda#057e16a12847eea846ecf99710d3591b
https://conda.anaconda.org/conda-forge/noarch/conda-pack-0.9.1-pyhcf101f3_0.conda#9a6e5d4e6ff4729d6b06f5c19b8de690
https://conda.anaconda.org/conda-forge/linux-64/davix-0.8.10-hc08bb4d_0.conda#021378aec97ef7d0b94467395a39ab23
https://conda.anaconda.org/conda-forge/noarch/exceptiongroup-1.3.1-pyhd8ed1ab_0.conda#8e662bd460bda79b1ea39194e3c4c9ab
https://conda.anaconda.org/conda-forge/linux-64/ftgl-2.4.0-hc56bac0_0.tar.bz2#f75bd1bf3d1df48f7edbedc83bd49771
https://conda.anaconda.org/conda-forge/linux-64/gcc-14.4.0-hc6a0c74_4.conda#8190cc2aceda3c553e4567914ac2c1ee
https://conda.anaconda.org/conda-forge/linux-64/glew-2.1.0-h9c3ff4c_2.tar.bz2#fb05eb5c47590b247658243d27fc32f1
https://conda.anaconda.org/conda-forge/linux-64/gxx_linux-64-14.4.0-he93183a_1.conda#6116cf8d0380169c4bf0b9f045577c88
https://conda.anaconda.org/conda-forge/linux-64/libcblas-3.11.0-10_h0358290_openblas.conda#a275bd95aa4e22c24120bf6ece6eb056
https://conda.anaconda.org/conda-forge/linux-64/libgd-2.3.3-h6f5c62b_11.conda#68fc66282364981589ef36868b1a7c78
https://conda.anaconda.org/conda-forge/linux-64/libgl-1.7.0-ha4b6fd6_5.conda#81141db127a106eb5a91df69a29c9918
https://conda.anaconda.org/conda-forge/linux-64/libglx-devel-1.7.0-ha4b6fd6_5.conda#fb00b4fb800f2d431303a5c1625ef9d0
https://conda.anaconda.org/conda-forge/linux-64/libhwloc-2.12.1-default_h3d81e11_1000.conda#d821210ab60be56dd27b5525ed18366d
https://conda.anaconda.org/conda-forge/linux-64/liblapack-3.11.0-10_h47877c9_openblas.conda#7b918d4958f359c889c662aa361cf992
https://conda.anaconda.org/conda-forge/linux-64/libllvm18-18.1.8-default_hddf928d_9.conda#3c0e77d748a924416324457a5b2b86f0
https://conda.anaconda.org/conda-forge/linux-64/libllvm19-19.1.7-ha7bfdaf_1.conda#6d2362046dce932eefbdeb0540de0c38
https://conda.anaconda.org/conda-forge/linux-64/libxkbcommon-1.11.0-he8b52b9_0.conda#74e91c36d0eef3557915c68b6c2bef96
https://conda.anaconda.org/conda-forge/noarch/markdown-it-py-4.2.0-pyhd8ed1ab_0.conda#6d03368f2b2b0a5fb6839df53b2eb5e0
https://conda.anaconda.org/conda-forge/noarch/nodeenv-1.10.0-pyhd8ed1ab_0.conda#eb52d14a901e23c39e9e7b4a1a5c015f
https://conda.anaconda.org/conda-forge/noarch/python-discovery-1.6.0-pyhcf101f3_0.conda#e87738e32eaf5dfa98a5d49f611d6312
https://conda.anaconda.org/conda-forge/linux-64/scitokens-cpp-1.4.0-h096d96b_0.conda#d0b9190c5937652677d4822d8f9abba9
https://conda.anaconda.org/conda-forge/noarch/typing-extensions-4.16.0-h69aa097_0.conda#c680b5747e8c4c8f23dca0bb7042a8fc
https://conda.anaconda.org/conda-forge/noarch/typing-inspection-0.4.4-pyhcf101f3_0.conda#880e91eac5d926568ef278e20554148e
https://conda.anaconda.org/conda-forge/linux-64/xorg-libxcomposite-0.4.7-hb03c661_0.conda#f2ba4192d38b6cef2bb2c25029071d90
https://conda.anaconda.org/conda-forge/linux-64/xorg-libxcursor-1.2.3-hb9d3cd8_0.conda#2ccd714aa2242315acaf0a67faea780b
https://conda.anaconda.org/conda-forge/linux-64/xorg-libxdamage-1.1.6-hb9d3cd8_0.conda#b5fcc7172d22516e1f965490e65e33a4
https://conda.anaconda.org/conda-forge/linux-64/xorg-libxft-2.3.9-hc4b6b35_1.conda#eb391997fedd7ed7aa695d64887ac0d7
https://conda.anaconda.org/conda-forge/linux-64/xorg-libxi-1.8.3-h7cc23a3_1.conda#a1412b2b1184dacda45f8476fef2cc25
https://conda.anaconda.org/conda-forge/linux-64/xorg-libxinerama-1.1.6-hecca717_0.conda#93f5d4b5c17c8540479ad65f206fea51
https://conda.anaconda.org/conda-forge/linux-64/xorg-libxpm-3.5.19-hb03c661_0.conda#53e0ca6ba7254ca3a5e3048c84f63655
https://conda.anaconda.org/conda-forge/linux-64/xorg-libxrandr-1.5.5-h7cc23a3_1.conda#798a8c9d171859a022e1cb89e7d0eb10
https://conda.anaconda.org/conda-forge/linux-64/xorg-libxxf86vm-1.1.7-hb03c661_0.conda#665d152b9c6e78da404086088077c844
https://conda.anaconda.org/conda-forge/noarch/annotated-types-0.8.0-pyhd8ed1ab_0.conda#108c928d2a8551832dbc762b535e90bb
https://conda.anaconda.org/conda-forge/linux-64/c-compiler-1.11.0-h4d9bdce_0.conda#abd85120de1187b0d1ec305c2173c71b
https://conda.anaconda.org/conda-forge/linux-64/gl2ps-1.4.2-h36e74d4_2.conda#787c780ff43f9f79d78d01e476b81a7c
https://conda.anaconda.org/conda-forge/linux-64/gsl-2.7-he838d99_0.tar.bz2#fec079ba39c9cca093bf4c00001825de
https://conda.anaconda.org/conda-forge/linux-64/gxx-14.4.0-hc6a0c74_4.conda#4bb792e0ae12a500819e53656ce7e12d
https://conda.anaconda.org/conda-forge/linux-64/harfbuzz-12.2.0-h15599e2_0.conda#b8690f53007e9b5ee2c2178dd4ac778c
https://conda.anaconda.org/conda-forge/linux-64/libclang-cpp19.1-19.1.7-default_h99862b1_9.conda#feec6e0f138982e3f7b1ac372fb396cf
https://conda.anaconda.org/conda-forge/linux-64/libgl-devel-1.7.0-ha4b6fd6_5.conda#f5f7fc038c611a25b22758c0a40d25c9
https://conda.anaconda.org/conda-forge/linux-64/numpy-2.5.2-py312he827f4e_1.conda#e70abe6ab4c60ecb6a51e67903bcec07
https://conda.anaconda.org/conda-forge/linux-64/pydantic-core-2.46.5-py312hc767a74_1.conda#2854d36e093d53d0cf81ec433ffd9c4c
https://conda.anaconda.org/conda-forge/noarch/pytest-8.4.1-pyhd8ed1ab_0.conda#a49c2283f24696a7b30367b7346a0144
https://conda.anaconda.org/conda-forge/noarch/rich-15.0.0-pyhcf101f3_0.conda#0242025a3c804966bf71aa04eee82f66
https://conda.anaconda.org/conda-forge/linux-64/tbb-2022.3.0-h8d10470_1.conda#e3259be3341da4bc06c5b7a78c8bf1bd
https://conda.anaconda.org/conda-forge/linux-64/ukkonen-1.1.0-py312hd9148b4_0.conda#55fd03988b1b1bc6faabbfb5b481ecd7
https://conda.anaconda.org/conda-forge/noarch/virtualenv-21.7.8-pyh5ded981_0.conda#c99437728662f804a7622e2624bfc2df
https://conda.anaconda.org/conda-forge/linux-64/xorg-libxtst-1.2.5-h7cc23a3_4.conda#752a5ac9322e0fbbc24146c1ce3ae44e
https://conda.anaconda.org/conda-forge/linux-64/xrootd-5.8.4-py312hca8a1c4_0.conda#264aa4c48d0862c6f445861e35607969
https://conda.anaconda.org/conda-forge/linux-64/at-spi2-core-2.40.3-h0630a04_0.tar.bz2#8cb2fc4cd6cc63f1369cfa318f581cc3
https://conda.anaconda.org/conda-forge/linux-64/clang-format-19-19.1.7-default_h99862b1_9.conda#946e8f6806e8bd9805c939f60f6d0450
https://conda.anaconda.org/conda-forge/linux-64/cxx-compiler-1.11.0-hfcd1e18_0.conda#5da8c935dca9186673987f79cef0b2a5
https://conda.anaconda.org/conda-forge/noarch/identify-2.6.19-pyhd8ed1ab_0.conda#84a3233b709a289a4ddd7a2fd27dd988
https://conda.anaconda.org/conda-forge/linux-64/libegl-devel-1.7.0-ha4b6fd6_5.conda#577800fc8c9d8b7d9727246bbfde704e
https://conda.anaconda.org/conda-forge/linux-64/pango-1.56.4-hadf4263_0.conda#79f71230c069a287efe3a8614069ddf1
https://conda.anaconda.org/conda-forge/noarch/pydantic-2.13.5-pyhcf101f3_0.conda#2d0f9304fc1cb1e3e94e7b37c14cd70a
https://conda.anaconda.org/conda-forge/linux-64/at-spi2-atk-2.38.0-h0630a04_3.tar.bz2#6b889f174df1e0f816276ae69281af4d
https://conda.anaconda.org/conda-forge/linux-64/clang-format-19.1.7-default_h99862b1_9.conda#7dd7c7508a0cf2475816241e44ddddd7
https://conda.anaconda.org/conda-forge/linux-64/correctionlib-2.8.0-py312hd8a7434_1.conda#2043e002bf28ce8bae835574adb523ce
https://conda.anaconda.org/conda-forge/linux-64/epoxy-1.5.10-hb03c661_2.conda#057083b06ccf1c2778344b6dabace38b
https://conda.anaconda.org/conda-forge/linux-64/librsvg-2.58.4-h49af25d_2.conda#b9846db0abffb09847e2cb0fec4b4db6
https://conda.anaconda.org/conda-forge/noarch/pre-commit-4.6.2-pyha770c72_0.conda#c36b88db560b4e74f294380613f1a239
https://conda.anaconda.org/conda-forge/noarch/adwaita-icon-theme-49.0-unix_0.conda#b3f0179590f3c0637b7eb5309898f79e
https://conda.anaconda.org/conda-forge/linux-64/gtk3-3.24.43-h021d004_4.conda#a891e341072432fafb853b3762957cbf
https://conda.anaconda.org/conda-forge/linux-64/graphviz-13.1.2-h87b6fe6_0.conda#0adddc9b820f596638d8b0ff9e3b4823
https://conda.anaconda.org/conda-forge/linux-64/root_base-6.34.10-np2py312h39e2d6d_2.conda#d8fcb1228bf1b10ee7ee8f1fe81f88a9
